<?xml version="1.0" encoding="utf-8"?>
<Project ToolsVersion="4.0" xmlns="http://schemas.microsoft.com/developer/msbuild/2003">
  <ItemGroup>
    <Filter Include="ソース ファイル">
      <UniqueIdentifier>{4FC737F1-C7A5-4376-A066-2A32D752A2FF}</UniqueIdentifier>
      <Extensions>cpp;c;cc;cxx;c++;cppm;ixx;def;odl;idl;hpj;bat;asm;asmx</Extensions>
    </Filter>
    <Filter Include="ヘッダー ファイル">
      <UniqueIdentifier>{93995380-89BD-4b04-88EB-625FBE52EBFB}</UniqueIdentifier>
      <Extensions>h;hh;hpp;hxx;h++;hm;inl;inc;ipp;xsd</Extensions>
    </Filter>
    <Filter Include="リソース ファイル">
      <UniqueIdentifier>{67DA6AB6-F800-4c08-8B7A-83BB121AAD01}</UniqueIdentifier>
      <Extensions>rc;ico;cur;bmp;dlg;rc2;rct;bin;rgs;gif;jpg;jpeg;jpe;resx;tiff;tif;png;wav;mfcribbon-ms</Extensions>
    </Filter>
    <Filter Include="imgui">
      <UniqueIdentifier>{d7caa169-3c67-4e07-897f-0d9115a5eac6}</UniqueIdentifier>
    </Filter>
    <Filter Include="ソース ファイル\GameObject">
      <UniqueIdentifier>{042e87f0-d2fd-4e2d-9e88-b8a6ff7ba3a5}</UniqueIdentifier>
    </Filter>
    <Filter Include="ソース ファイル\GameObject\Camera">
      <UniqueIdentifier>{500fad0c-668b-452c-b8a4-51bb11f7f1be}</UniqueIdentifier>
    </Filter>
    <Filter Include="ヘッダー ファイル\GameObject">
      <UniqueIdentifier>{9902b081-ade2-499b-b33e-59099ae83bb3}</UniqueIdentifier>
    </Filter>
    <Filter Include="ヘッダー ファイル\GameObject\Camera">
      <UniqueIdentifier>{d8f18e12-536f-43ae-9bce-8521a74482bb}</UniqueIdentifier>
    </Filter>
    <Filter Include="ヘッダー ファイル\Base">
      <UniqueIdentifier>{9b085630-27b0-4792-9cdd-b8059566d215}</UniqueIdentifier>
    </Filter>
    <Filter Include="ソース ファイル\Base">
      <UniqueIdentifier>{d945e895-e525-44ba-bb48-056bc07f144d}</UniqueIdentifier>
    </Filter>
    <Filter Include="ソース ファイル\Scenes">
      <UniqueIdentifier>{4daa0f17-004f-4069-be16-b52ffc9211c4}</UniqueIdentifier>
    </Filter>
    <Filter Include="ヘッダー ファイル\Scenes">
      <UniqueIdentifier>{ce7a2ccb-3c79-4d96-9a64-5c69d1f951a3}</UniqueIdentifier>
    </Filter>
    <Filter Include="ヘッダー ファイル\Scenes\State">
      <UniqueIdentifier>{23c14a85-fee4-41c0-bb09-43b1d5f71aa3}</UniqueIdentifier>
    </Filter>
    <Filter Include="ヘッダー ファイル\Scenes\Manager">
      <UniqueIdentifier>{a12342b7-6a3c-4011-a2ee-bc9da68c4b95}</UniqueIdentifier>
    </Filter>
    <Filter Include="ソース ファイル\Scenes\Manager">
      <UniqueIdentifier>{d7d1cf80-41a1-433d-aa34-ec9099cfbd06}</UniqueIdentifier>
    </Filter>
    <Filter Include="ソース ファイル\Scenes\State">
      <UniqueIdentifier>{815f09b2-983d-4b5d-9155-7098162ef22a}</UniqueIdentifier>
    </Filter>
    <Filter Include="ソース ファイル\GameObject\Player">
      <UniqueIdentifier>{868ac8c4-51f7-4e4d-84d2-a593551c37fd}</UniqueIdentifier>
    </Filter>
    <Filter Include="ヘッダー ファイル\GameObject\Player">
      <UniqueIdentifier>{712ff644-f87c-45a2-a0ae-3747445e0699}</UniqueIdentifier>
    </Filter>
    <Filter Include="ヘッダー ファイル\Base\Model_Struct">
      <UniqueIdentifier>{73939f7d-cb0a-4e43-8d59-dafcbde55a75}</UniqueIdentifier>
    </Filter>
    <Filter Include="ヘッダー ファイル\Base\Math">
      <UniqueIdentifier>{83379801-3e76-464c-85f4-74fdc32c596e}</UniqueIdentifier>
    </Filter>
    <Filter Include="ソース ファイル\Base\Math">
      <UniqueIdentifier>{87b4747d-9fc9-48b6-9b92-c2630b72220f}</UniqueIdentifier>
    </Filter>
    <Filter Include="ソース ファイル\Base\Input">
      <UniqueIdentifier>{49b3ff11-b79f-4001-b77a-a6324b522fc0}</UniqueIdentifier>
    </Filter>
    <Filter Include="ソース ファイル\Base\Audio">
      <UniqueIdentifier>{f83829ed-9c6d-4074-b251-3370b447ad90}</UniqueIdentifier>
    </Filter>
    <Filter Include="ソース ファイル\Base\Utility">
      <UniqueIdentifier>{3e70da1c-6964-4bb2-8d35-79994a30c634}</UniqueIdentifier>
    </Filter>
    <Filter Include="ヘッダー ファイル\Base\Audio">
      <UniqueIdentifier>{c23cdfb2-7896-47ec-bce0-dd79d6b7b5a3}</UniqueIdentifier>
    </Filter>
    <Filter Include="ヘッダー ファイル\Base\Input">
      <UniqueIdentifier>{75560ee2-cf21-4039-ba07-c9fe37137a68}</UniqueIdentifier>
    </Filter>
    <Filter Include="ヘッダー ファイル\Base\Utility">
      <UniqueIdentifier>{5a099ea9-f46d-4895-adc4-1c7ba8f5c2b1}</UniqueIdentifier>
    </Filter>
    <Filter Include="ヘッダー ファイル\Base\Math\Struct">
      <UniqueIdentifier>{a7c182a0-aca0-4d06-8bee-c4f0232b529e}</UniqueIdentifier>
    </Filter>
    <Filter Include="ヘッダー ファイル\GameObject\Bomb">
      <UniqueIdentifier>{34bb91fc-d705-44c5-add8-11c30c2f6cd1}</UniqueIdentifier>
    </Filter>
    <Filter Include="ソース ファイル\GameObject\Bomb">
      <UniqueIdentifier>{17333906-a63b-4100-92c9-bd40e4df7167}</UniqueIdentifier>
    </Filter>
    <Filter Include="ヘッダー ファイル\GameObject\Enemy">
      <UniqueIdentifier>{68b7b861-b405-4421-a693-e786c5cab2ad}</UniqueIdentifier>
    </Filter>
    <Filter Include="ソース ファイル\GameObject\Enemy">
      <UniqueIdentifier>{a58e1287-bfa2-482f-987f-a3b502367186}</UniqueIdentifier>
    </Filter>
    <Filter Include="ソース ファイル\GameObject\Wall">
      <UniqueIdentifier>{63395035-a1ff-4cee-b2e1-e3fc1d43d7f1}</UniqueIdentifier>
    </Filter>
    <Filter Include="ヘッダー ファイル\GameObject\Wall">
      <UniqueIdentifier>{2eabacbd-11a1-451b-ad12-9b8e3a126d8b}</UniqueIdentifier>
    </Filter>
    <Filter Include="ヘッダー ファイル\GameObject\Ground">
      <UniqueIdentifier>{bdc94636-1686-4d52-acd6-ae6892b88635}</UniqueIdentifier>
    </Filter>
    <Filter Include="ソース ファイル\GameObject\Ground">
      <UniqueIdentifier>{571868a2-2600-4cc3-9a45-274d5aae9150}</UniqueIdentifier>
    </Filter>
    <Filter Include="ヘッダー ファイル\GameObject\Switch">
      <UniqueIdentifier>{d0e23dfd-ae47-4c17-b900-2d548e45b914}</UniqueIdentifier>
    </Filter>
    <Filter Include="ソース ファイル\GameObject\Switch">
      <UniqueIdentifier>{c0bea3fa-f575-4f0c-8f1a-d438bdc2f477}</UniqueIdentifier>
    </Filter>
  </ItemGroup>
  <ItemGroup>
    <ClCompile Include="main.cpp">
      <Filter>ソース ファイル</Filter>
    </ClCompile>
    <ClCompile Include="externals\imgui\imgui.cpp">
      <Filter>imgui</Filter>
    </ClCompile>
    <ClCompile Include="externals\imgui\imgui_demo.cpp">
      <Filter>imgui</Filter>
    </ClCompile>
    <ClCompile Include="externals\imgui\imgui_draw.cpp">
      <Filter>imgui</Filter>
    </ClCompile>
    <ClCompile Include="externals\imgui\imgui_impl_dx12.cpp">
      <Filter>imgui</Filter>
    </ClCompile>
    <ClCompile Include="externals\imgui\imgui_impl_win32.cpp">
      <Filter>imgui</Filter>
    </ClCompile>
    <ClCompile Include="externals\imgui\imgui_tables.cpp">
      <Filter>imgui</Filter>
    </ClCompile>
    <ClCompile Include="externals\imgui\imgui_widgets.cpp">
      <Filter>imgui</Filter>
    </ClCompile>
    <ClCompile Include="GameObject\Camera\Camera.cpp">
      <Filter>ソース ファイル\GameObject\Camera</Filter>
    </ClCompile>
    <ClCompile Include="Base\DirectXCommon.cpp">
      <Filter>ソース ファイル\Base</Filter>
    </ClCompile>
    <ClCompile Include="Base\MyEngine.cpp">
      <Filter>ソース ファイル\Base</Filter>
    </ClCompile>
    <ClCompile Include="Base\WinApp.cpp">
      <Filter>ソース ファイル\Base</Filter>
    </ClCompile>
    <ClCompile Include="Scenes\Manager\GameManager.cpp">
      <Filter>ソース ファイル\Scenes\Manager</Filter>
    </ClCompile>
    <ClCompile Include="Scenes\State\GameClearState.cpp">
      <Filter>ソース ファイル\Scenes\State</Filter>
    </ClCompile>
    <ClCompile Include="Scenes\State\GamePlayState.cpp">
      <Filter>ソース ファイル\Scenes\State</Filter>
    </ClCompile>
    <ClCompile Include="Base\Mesh.cpp">
      <Filter>ソース ファイル\Base</Filter>
    </ClCompile>
    <ClCompile Include="Base\TextureManager.cpp">
      <Filter>ソース ファイル\Base</Filter>
    </ClCompile>
    <ClCompile Include="Base\Sprite.cpp">
      <Filter>ソース ファイル\Base</Filter>
    </ClCompile>
    <ClCompile Include="Base\Sphere.cpp">
      <Filter>ソース ファイル\Base</Filter>
    </ClCompile>
    <ClCompile Include="Base\Light.cpp">
      <Filter>ソース ファイル\Base</Filter>
    </ClCompile>
    <ClCompile Include="Base\Model.cpp">
      <Filter>ソース ファイル\Base</Filter>
    </ClCompile>
    <ClCompile Include="GameObject\Player\Player.cpp">
      <Filter>ソース ファイル\GameObject\Player</Filter>
    </ClCompile>
    <ClCompile Include="Base\WorldTransform.cpp">
      <Filter>ソース ファイル\Base</Filter>
    </ClCompile>
    <ClCompile Include="Base\ViewProjection.cpp">
      <Filter>ソース ファイル\Base</Filter>
    </ClCompile>
    <ClCompile Include="Base\Input\Input.cpp">
      <Filter>ソース ファイル\Base\Input</Filter>
    </ClCompile>
    <ClCompile Include="Base\Math\MatrixCalc.cpp">
      <Filter>ソース ファイル\Base\Math</Filter>
    </ClCompile>
    <ClCompile Include="Base\Math\VectorCalc.cpp">
      <Filter>ソース ファイル\Base\Math</Filter>
    </ClCompile>
    <ClCompile Include="Base\Utility\CollisionManager.cpp">
      <Filter>ソース ファイル\Base\Utility</Filter>
    </ClCompile>
    <ClCompile Include="Base\Utility\GlobalVariables.cpp">
      <Filter>ソース ファイル\Base\Utility</Filter>
    </ClCompile>
    <ClCompile Include="Base\Utility\ImGuiManager.cpp">
      <Filter>ソース ファイル\Base\Utility</Filter>
    </ClCompile>
    <ClCompile Include="Base\Utility\LoadCSV.cpp">
      <Filter>ソース ファイル\Base\Utility</Filter>
    </ClCompile>
    <ClCompile Include="Base\Utility\Log.cpp">
      <Filter>ソース ファイル\Base\Utility</Filter>
    </ClCompile>
    <ClCompile Include="Base\Audio\Audio.cpp">
      <Filter>ソース ファイル\Base\Audio</Filter>
    </ClCompile>
    <ClCompile Include="GameObject\Bomb\Bomb.cpp">
      <Filter>ソース ファイル\GameObject\Bomb</Filter>
    </ClCompile>
    <ClCompile Include="GameObject\Enemy\Enemy.cpp">
      <Filter>ソース ファイル\GameObject\Enemy</Filter>
    </ClCompile>
    <ClCompile Include="Scenes\State\GamePlayState2.cpp">
      <Filter>ソース ファイル\Scenes\State</Filter>
    </ClCompile>
    <ClCompile Include="Scenes\State\GamePlayState3.cpp">
      <Filter>ソース ファイル\Scenes\State</Filter>
    </ClCompile>
    <ClCompile Include="Scenes\State\GameSelectState.cpp">
      <Filter>ソース ファイル\Scenes\State</Filter>
    </ClCompile>
    <ClCompile Include="GameObject\Wall\Wall.cpp">
      <Filter>ソース ファイル\GameObject\Wall</Filter>
    </ClCompile>
    <ClCompile Include="GameObject\Camera\GameCamera.cpp">
      <Filter>ソース ファイル\GameObject\Camera</Filter>
    </ClCompile>
    <ClCompile Include="GameObject\Ground\Ground.cpp">
      <Filter>ソース ファイル\GameObject\Ground</Filter>
    </ClCompile>
    <ClCompile Include="GameObject\Switch\Switch.cpp">
      <Filter>ソース ファイル\GameObject\Switch</Filter>
    </ClCompile>
    <ClCompile Include="Scenes\State\GameOverState.cpp">
      <Filter>ソース ファイル\Scenes\State</Filter>
    </ClCompile>
    <ClCompile Include="Scenes\State\GameTitleState.cpp">
      <Filter>ソース ファイル\Scenes\State</Filter>
    </ClCompile>
    <ClCompile Include="GameObject\Enemy\ViewPoint.cpp">
      <Filter>ソース ファイル\GameObject\Enemy</Filter>
    </ClCompile>
  </ItemGroup>
  <ItemGroup>
    <ClInclude Include="externals\imgui\imconfig.h">
      <Filter>imgui</Filter>
    </ClInclude>
    <ClInclude Include="externals\imgui\imgui.h">
      <Filter>imgui</Filter>
    </ClInclude>
    <ClInclude Include="externals\imgui\imgui_impl_dx12.h">
      <Filter>imgui</Filter>
    </ClInclude>
    <ClInclude Include="externals\imgui\imgui_impl_win32.h">
      <Filter>imgui</Filter>
    </ClInclude>
    <ClInclude Include="externals\imgui\imgui_internal.h">
      <Filter>imgui</Filter>
    </ClInclude>
    <ClInclude Include="externals\imgui\imstb_rectpack.h">
      <Filter>imgui</Filter>
    </ClInclude>
    <ClInclude Include="externals\imgui\imstb_textedit.h">
      <Filter>imgui</Filter>
    </ClInclude>
    <ClInclude Include="externals\imgui\imstb_truetype.h">
      <Filter>imgui</Filter>
    </ClInclude>
    <ClInclude Include="GameObject\Camera\Camera.h">
      <Filter>ヘッダー ファイル\GameObject\Camera</Filter>
    </ClInclude>
    <ClInclude Include="Base\MyEngine.h">
      <Filter>ヘッダー ファイル\Base</Filter>
    </ClInclude>
    <ClInclude Include="Base\DirectXCommon.h">
      <Filter>ヘッダー ファイル\Base</Filter>
    </ClInclude>
    <ClInclude Include="Base\WinApp.h">
      <Filter>ヘッダー ファイル\Base</Filter>
    </ClInclude>
    <ClInclude Include="Scenes\Manager\GameManager.h">
      <Filter>ヘッダー ファイル\Scenes\Manager</Filter>
    </ClInclude>
    <ClInclude Include="Scenes\State\GameClearState.h">
      <Filter>ヘッダー ファイル\Scenes\State</Filter>
    </ClInclude>
    <ClInclude Include="Scenes\State\GamePlayState.h">
      <Filter>ヘッダー ファイル\Scenes\State</Filter>
    </ClInclude>
    <ClInclude Include="Scenes\State\GameTitleState.h">
      <Filter>ヘッダー ファイル\Scenes\State</Filter>
    </ClInclude>
    <ClInclude Include="Scenes\State\IgameState.h">
      <Filter>ヘッダー ファイル\Scenes\State</Filter>
    </ClInclude>
    <ClInclude Include="Base\TextureManager.h">
      <Filter>ヘッダー ファイル\Base</Filter>
    </ClInclude>
    <ClInclude Include="Base\Mesh.h">
      <Filter>ヘッダー ファイル\Base</Filter>
    </ClInclude>
    <ClInclude Include="Base\Sprite.h">
      <Filter>ヘッダー ファイル\Base</Filter>
    </ClInclude>
    <ClInclude Include="Base\Sphere.h">
      <Filter>ヘッダー ファイル\Base</Filter>
    </ClInclude>
    <ClInclude Include="Base\Light.h">
      <Filter>ヘッダー ファイル\Base</Filter>
    </ClInclude>
    <ClInclude Include="Base\Model.h">
      <Filter>ヘッダー ファイル\Base</Filter>
    </ClInclude>
    <ClInclude Include="GameObject\Player\Player.h">
      <Filter>ヘッダー ファイル\GameObject\Player</Filter>
    </ClInclude>
    <ClInclude Include="Base\WorldTransform.h">
      <Filter>ヘッダー ファイル\Base</Filter>
    </ClInclude>
    <ClInclude Include="Base\ViewProjection.h">
      <Filter>ヘッダー ファイル\Base</Filter>
    </ClInclude>
    <ClInclude Include="Base\Math\MatrixCalc.h">
      <Filter>ヘッダー ファイル\Base\Math</Filter>
    </ClInclude>
    <ClInclude Include="Base\Math\VectorCalc.h">
      <Filter>ヘッダー ファイル\Base\Math</Filter>
    </ClInclude>
    <ClInclude Include="Base\Model_Struct\Material.h">
      <Filter>ヘッダー ファイル\Base\Model_Struct</Filter>
    </ClInclude>
    <ClInclude Include="Base\Model_Struct\ModelData.h">
      <Filter>ヘッダー ファイル\Base\Model_Struct</Filter>
    </ClInclude>
    <ClInclude Include="Base\Model_Struct\Transform.h">
      <Filter>ヘッダー ファイル\Base\Model_Struct</Filter>
    </ClInclude>
    <ClInclude Include="Base\Model_Struct\VertexData.h">
      <Filter>ヘッダー ファイル\Base\Model_Struct</Filter>
    </ClInclude>
    <ClInclude Include="Base\Utility\Collider.h">
      <Filter>ヘッダー ファイル\Base\Utility</Filter>
    </ClInclude>
    <ClInclude Include="Base\Utility\CollisionConfig.h">
      <Filter>ヘッダー ファイル\Base\Utility</Filter>
    </ClInclude>
    <ClInclude Include="Base\Utility\CollisionManager.h">
      <Filter>ヘッダー ファイル\Base\Utility</Filter>
    </ClInclude>
    <ClInclude Include="Base\Utility\GlobalVariables.h">
      <Filter>ヘッダー ファイル\Base\Utility</Filter>
    </ClInclude>
    <ClInclude Include="Base\Utility\ImGuiManager.h">
      <Filter>ヘッダー ファイル\Base\Utility</Filter>
    </ClInclude>
    <ClInclude Include="Base\Utility\LoadCSV.h">
      <Filter>ヘッダー ファイル\Base\Utility</Filter>
    </ClInclude>
    <ClInclude Include="Base\Utility\Log.h">
      <Filter>ヘッダー ファイル\Base\Utility</Filter>
    </ClInclude>
    <ClInclude Include="Base\Math\Math_Structs.h">
      <Filter>ヘッダー ファイル\Base\Math</Filter>
    </ClInclude>
    <ClInclude Include="Base\Input\Input.h">
      <Filter>ヘッダー ファイル\Base\Input</Filter>
    </ClInclude>
    <ClInclude Include="Base\Audio\Audio.h">
      <Filter>ヘッダー ファイル\Base\Audio</Filter>
    </ClInclude>
    <ClInclude Include="Base\Math\Struct\Matrix3x3.h">
      <Filter>ヘッダー ファイル\Base\Math\Struct</Filter>
    </ClInclude>
    <ClInclude Include="Base\Math\Struct\Matrix4x4.h">
      <Filter>ヘッダー ファイル\Base\Math\Struct</Filter>
    </ClInclude>
    <ClInclude Include="Base\Math\Struct\Vector2.h">
      <Filter>ヘッダー ファイル\Base\Math\Struct</Filter>
    </ClInclude>
    <ClInclude Include="Base\Math\Struct\Vector3.h">
      <Filter>ヘッダー ファイル\Base\Math\Struct</Filter>
    </ClInclude>
    <ClInclude Include="Base\Math\Struct\Vector4.h">
      <Filter>ヘッダー ファイル\Base\Math\Struct</Filter>
    </ClInclude>
    <ClInclude Include="GameObject\Bomb\Bomb.h">
      <Filter>ヘッダー ファイル\GameObject\Bomb</Filter>
    </ClInclude>
    <ClInclude Include="GameObject\Enemy\Enemy.h">
      <Filter>ヘッダー ファイル\GameObject\Enemy</Filter>
    </ClInclude>
    <ClInclude Include="Scenes\State\GamePlayState2.h">
      <Filter>ヘッダー ファイル\Scenes\State</Filter>
    </ClInclude>
    <ClInclude Include="Scenes\State\GamePlayState3.h">
      <Filter>ヘッダー ファイル\Scenes\State</Filter>
    </ClInclude>
    <ClInclude Include="Scenes\State\GameSelectState.h">
      <Filter>ヘッダー ファイル\Scenes\State</Filter>
    </ClInclude>
    <ClInclude Include="GameObject\Wall\Wall.h">
      <Filter>ヘッダー ファイル\GameObject\Wall</Filter>
    </ClInclude>
    <ClInclude Include="GameObject\Camera\GameCamera.h">
      <Filter>ヘッダー ファイル\GameObject\Camera</Filter>
    </ClInclude>
    <ClInclude Include="GameObject\Ground\Ground.h">
      <Filter>ヘッダー ファイル\GameObject\Ground</Filter>
    </ClInclude>
    <ClInclude Include="GameObject\Switch\Switch.h">
      <Filter>ヘッダー ファイル\GameObject\Switch</Filter>
    </ClInclude>
    <ClInclude Include="Scenes\State\GameOverState.h">
      <Filter>ヘッダー ファイル\Scenes\State</Filter>
    </ClInclude>
    <ClInclude Include="FanCollider.h">
      <Filter>ヘッダー ファイル\Base\Utility</Filter>
    </ClInclude>
    <ClInclude Include="GameObject\Enemy\ViewPoint.h">
      <Filter>ヘッダー ファイル\GameObject\Enemy</Filter>
    </ClInclude>
  </ItemGroup>
  <ItemGroup>
    <FxCompile Include="Object3d.VS.hlsl" />
    <FxCompile Include="Object3d.PS.hlsl" />
    <FxCompile Include="PostProsess.hlsl" />
    <FxCompile Include="Sprite.PS.hlsl" />
    <FxCompile Include="Sprite.VS.hlsl" />
  </ItemGroup>
  <ItemGroup>
    <Text Include="externals\imgui\LICENSE.txt">
      <Filter>imgui</Filter>
    </Text>
  </ItemGroup>
  <ItemGroup>
    <None Include="Object3d.hlsli" />
  </ItemGroup>
</Project>